
Microsoft Visual Studio Solution File, Format Version 12.00
# Visual Studio 14
VisualStudioVersion = 14.0.25123.0
MinimumVisualStudioVersion = 10.0.40219.1
Project("{2150E333-8FDC-42A3-9474-1A3956D46DE8}") = "src", "src", "{EDA135A3-0EA0-4B0A-A913-92BE9A317ACA}"
EndProject
Project("{8BB2217D-0F2D-49D1-97BC-3654ED321F3B}") = "MessageService.Domain", "MessageService.Domain\MessageService.Domain.xproj", "{E73CBCEF-B1B6-4D05-84F4-0345E97DFD0A}"
EndProject
Project("{2150E333-8FDC-42A3-9474-1A3956D46DE8}") = "api", "api", "{29ECF4C0-6143-4172-8512-695A91AF2F55}"
EndProject
Project("{8BB2217D-0F2D-49D1-97BC-3654ED321F3B}") = "MessageService.Infra.Bus", "MessageService.Infra.Bus\MessageService.Infra.Bus.xproj", "{DB4CE9FC-20E7-471B-B84D-D7112A91318D}"
EndProject
Project("{8BB2217D-0F2D-49D1-97BC-3654ED321F3B}") = "MessageWebApi", "MessageWebApi\MessageWebApi.xproj", "{90C00E14-69F5-45F0-965C-4E6981444D2A}"
EndProject
Project("{8BB2217D-0F2D-49D1-97BC-3654ED321F3B}") = "MessageService.Infra.Repository", "MessageService.Infra.Repository\MessageService.Infra.Repository.xproj", "{785CEF9A-F026-4BBE-ACF2-C0DC8E218C39}"
EndProject
Global
	GlobalSection(SolutionConfigurationPlatforms) = preSolution
		Debug|Any CPU = Debug|Any CPU
		Release|Any CPU = Release|Any CPU
	EndGlobalSection
	GlobalSection(ProjectConfigurationPlatforms) = postSolution
		{E73CBCEF-B1B6-4D05-84F4-0345E97DFD0A}.Debug|Any CPU.ActiveCfg = Debug|Any CPU
		{E73CBCEF-B1B6-4D05-84F4-0345E97DFD0A}.Debug|Any CPU.Build.0 = Debug|Any CPU
		{E73CBCEF-B1B6-4D05-84F4-0345E97DFD0A}.Release|Any CPU.ActiveCfg = Release|Any CPU
		{E73CBCEF-B1B6-4D05-84F4-0345E97DFD0A}.Release|Any CPU.Build.0 = Release|Any CPU
		{DB4CE9FC-20E7-471B-B84D-D7112A91318D}.Debug|Any CPU.ActiveCfg = Debug|Any CPU
		{DB4CE9FC-20E7-471B-B84D-D7112A91318D}.Debug|Any CPU.Build.0 = Debug|Any CPU
		{DB4CE9FC-20E7-471B-B84D-D7112A91318D}.Release|Any CPU.ActiveCfg = Release|Any CPU
		{DB4CE9FC-20E7-471B-B84D-D7112A91318D}.Release|Any CPU.Build.0 = Release|Any CPU
		{90C00E14-69F5-45F0-965C-4E6981444D2A}.Debug|Any CPU.ActiveCfg = Debug|Any CPU
		{90C00E14-69F5-45F0-965C-4E6981444D2A}.Debug|Any CPU.Build.0 = Debug|Any CPU
		{90C00E14-69F5-45F0-965C-4E6981444D2A}.Release|Any CPU.ActiveCfg = Release|Any CPU
		{90C00E14-69F5-45F0-965C-4E6981444D2A}.Release|Any CPU.Build.0 = Release|Any CPU
		{785CEF9A-F026-4BBE-ACF2-C0DC8E218C39}.Debug|Any CPU.ActiveCfg = Debug|Any CPU
		{785CEF9A-F026-4BBE-ACF2-C0DC8E218C39}.Debug|Any CPU.Build.0 = Debug|Any CPU
		{785CEF9A-F026-4BBE-ACF2-C0DC8E218C39}.Release|Any CPU.ActiveCfg = Release|Any CPU
		{785CEF9A-F026-4BBE-ACF2-C0DC8E218C39}.Release|Any CPU.Build.0 = Release|Any CPU
	EndGlobalSection
	GlobalSection(SolutionProperties) = preSolution
		HideSolutionNode = FALSE
	EndGlobalSection
	GlobalSection(NestedProjects) = preSolution
		{E73CBCEF-B1B6-4D05-84F4-0345E97DFD0A} = {EDA135A3-0EA0-4B0A-A913-92BE9A317ACA}
		{DB4CE9FC-20E7-471B-B84D-D7112A91318D} = {EDA135A3-0EA0-4B0A-A913-92BE9A317ACA}
		{90C00E14-69F5-45F0-965C-4E6981444D2A} = {29ECF4C0-6143-4172-8512-695A91AF2F55}
		{785CEF9A-F026-4BBE-ACF2-C0DC8E218C39} = {EDA135A3-0EA0-4B0A-A913-92BE9A317ACA}
	EndGlobalSection
EndGlobal
